
Microsoft Visual Studio Solution File, Format Version 12.00
# Visual Studio 15
VisualStudioVersion = 15.0.27703.2042
MinimumVisualStudioVersion = 10.0.40219.1
Project("{8BC9CEB8-8B4A-11D0-8D11-00A0C91BC942}") = "Testing", "Testing\Testing.vcxproj", "{80526365-E938-475A-82EE-4C1E23A8AA04}"
EndProject
Global
	GlobalSection(SolutionConfigurationPlatforms) = preSolution
		Debug|x64 = Debug|x64
		Debug|x86 = Debug|x86
		Release|x64 = Release|x64
		Release|x86 = Release|x86
	EndGlobalSection
	GlobalSection(ProjectConfigurationPlatforms) = postSolution
		{80526365-E938-475A-82EE-4C1E23A8AA04}.Debug|x64.ActiveCfg = Debug|x64
		{80526365-E938-475A-82EE-4C1E23A8AA04}.Debug|x64.Build.0 = Debug|x64
		{80526365-E938-475A-82EE-4C1E23A8AA04}.Debug|x86.ActiveCfg = Debug|Win32
		{80526365-E938-475A-82EE-4C1E23A8AA04}.Debug|x86.Build.0 = Debug|Win32
		{80526365-E938-475A-82EE-4C1E23A8AA04}.Release|x64.ActiveCfg = Release|x64
		{80526365-E938-475A-82EE-4C1E23A8AA04}.Release|x64.Build.0 = Release|x64
		{80526365-E938-475A-82EE-4C1E23A8AA04}.Release|x86.ActiveCfg = Release|Win32
		{80526365-E938-475A-82EE-4C1E23A8AA04}.Release|x86.Build.0 = Release|Win32
	EndGlobalSection
	GlobalSection(SolutionProperties) = preSolution
		HideSolutionNode = FALSE
	EndGlobalSection
	GlobalSection(ExtensibilityGlobals) = postSolution
		SolutionGuid = {B966C419-6C23-4BC8-9AC9-58EDD8635B05}
	EndGlobalSection
EndGlobal
